
Microsoft Visual Studio Solution File, Format Version 12.00
# Visual Studio 15
VisualStudioVersion = 15.0.26124.0
MinimumVisualStudioVersion = 15.0.26124.0
Project("{2150E333-8FDC-42A3-9474-1A3956D46DE8}") = "src", "src", "{57F03226-687F-40F3-8FD3-F1C77BC04900}"
EndProject
Project("{F2A71F9B-5D33-465A-A702-920D77279786}") = "corelib", "src\corelib\corelib.fsproj", "{0D59F813-6BE3-41B3-A26D-C4148D9CAA62}"
EndProject
Project("{F2A71F9B-5D33-465A-A702-920D77279786}") = "consoleApp", "src\consoleApp\consoleApp.fsproj", "{8F333584-8787-4D8F-9F49-9B82BC719F76}"
EndProject
Global
	GlobalSection(SolutionConfigurationPlatforms) = preSolution
		Debug|Any CPU = Debug|Any CPU
		Debug|x64 = Debug|x64
		Debug|x86 = Debug|x86
		Release|Any CPU = Release|Any CPU
		Release|x64 = Release|x64
		Release|x86 = Release|x86
	EndGlobalSection
	GlobalSection(SolutionProperties) = preSolution
		HideSolutionNode = FALSE
	EndGlobalSection
	GlobalSection(ProjectConfigurationPlatforms) = postSolution
		{0D59F813-6BE3-41B3-A26D-C4148D9CAA62}.Debug|Any CPU.ActiveCfg = Debug|Any CPU
		{0D59F813-6BE3-41B3-A26D-C4148D9CAA62}.Debug|Any CPU.Build.0 = Debug|Any CPU
		{0D59F813-6BE3-41B3-A26D-C4148D9CAA62}.Debug|x64.ActiveCfg = Debug|Any CPU
		{0D59F813-6BE3-41B3-A26D-C4148D9CAA62}.Debug|x64.Build.0 = Debug|Any CPU
		{0D59F813-6BE3-41B3-A26D-C4148D9CAA62}.Debug|x86.ActiveCfg = Debug|Any CPU
		{0D59F813-6BE3-41B3-A26D-C4148D9CAA62}.Debug|x86.Build.0 = Debug|Any CPU
		{0D59F813-6BE3-41B3-A26D-C4148D9CAA62}.Release|Any CPU.ActiveCfg = Release|Any CPU
		{0D59F813-6BE3-41B3-A26D-C4148D9CAA62}.Release|Any CPU.Build.0 = Release|Any CPU
		{0D59F813-6BE3-41B3-A26D-C4148D9CAA62}.Release|x64.ActiveCfg = Release|Any CPU
		{0D59F813-6BE3-41B3-A26D-C4148D9CAA62}.Release|x64.Build.0 = Release|Any CPU
		{0D59F813-6BE3-41B3-A26D-C4148D9CAA62}.Release|x86.ActiveCfg = Release|Any CPU
		{0D59F813-6BE3-41B3-A26D-C4148D9CAA62}.Release|x86.Build.0 = Release|Any CPU
		{8F333584-8787-4D8F-9F49-9B82BC719F76}.Debug|Any CPU.ActiveCfg = Debug|Any CPU
		{8F333584-8787-4D8F-9F49-9B82BC719F76}.Debug|Any CPU.Build.0 = Debug|Any CPU
		{8F333584-8787-4D8F-9F49-9B82BC719F76}.Debug|x64.ActiveCfg = Debug|Any CPU
		{8F333584-8787-4D8F-9F49-9B82BC719F76}.Debug|x64.Build.0 = Debug|Any CPU
		{8F333584-8787-4D8F-9F49-9B82BC719F76}.Debug|x86.ActiveCfg = Debug|Any CPU
		{8F333584-8787-4D8F-9F49-9B82BC719F76}.Debug|x86.Build.0 = Debug|Any CPU
		{8F333584-8787-4D8F-9F49-9B82BC719F76}.Release|Any CPU.ActiveCfg = Release|Any CPU
		{8F333584-8787-4D8F-9F49-9B82BC719F76}.Release|Any CPU.Build.0 = Release|Any CPU
		{8F333584-8787-4D8F-9F49-9B82BC719F76}.Release|x64.ActiveCfg = Release|Any CPU
		{8F333584-8787-4D8F-9F49-9B82BC719F76}.Release|x64.Build.0 = Release|Any CPU
		{8F333584-8787-4D8F-9F49-9B82BC719F76}.Release|x86.ActiveCfg = Release|Any CPU
		{8F333584-8787-4D8F-9F49-9B82BC719F76}.Release|x86.Build.0 = Release|Any CPU
	EndGlobalSection
	GlobalSection(NestedProjects) = preSolution
		{0D59F813-6BE3-41B3-A26D-C4148D9CAA62} = {57F03226-687F-40F3-8FD3-F1C77BC04900}
		{8F333584-8787-4D8F-9F49-9B82BC719F76} = {57F03226-687F-40F3-8FD3-F1C77BC04900}
	EndGlobalSection
EndGlobal
